{
  "name": "kleros-interaction",
  "version": "0.0.9",
  "lockfileVersion": 1,
  "requires": true,
  "dependencies": {
    "bluebird": {
      "version": "3.3.1",
      "resolved": "https://registry.npmjs.org/bluebird/-/bluebird-3.3.1.tgz",
      "integrity": "sha1-+Xrhlw9B2FF3KDBT6aEgFg5mxh0="
    },
    "eth-contract-class": {
      "version": "0.0.6",
      "resolved": "https://registry.npmjs.org/eth-contract-class/-/eth-contract-class-0.0.6.tgz",
      "integrity": "sha1-OYuJUhScx0fLlZ+otdSAKIx6i84=",
      "requires": {
        "web3-core-promievent": "1.0.0-beta.27"
      }
    },
    "eventemitter3": {
      "version": "1.1.1",
      "resolved": "https://registry.npmjs.org/eventemitter3/-/eventemitter3-1.1.1.tgz",
      "integrity": "sha1-R3hr2qCHyvext15zq8XH1UAVjNA="
    },
    "minimetoken": {
      "version": "0.2.0",
      "resolved": "https://registry.npmjs.org/minimetoken/-/minimetoken-0.2.0.tgz",
      "integrity": "sha512-oRwMg4tbr4sAznQ8+eS6ZQbrIQNt2Qn0wTFHQJVlPCCQ1cgq24h1B2KIaUtqIUu/eKZi7a5NE1MOcv0tZQxYFQ==",
      "requires": {
        "eth-contract-class": "0.0.6"
      }
    },
    "web3-core-promievent": {
      "version": "1.0.0-beta.27",
      "resolved": "https://registry.npmjs.org/web3-core-promievent/-/web3-core-promievent-1.0.0-beta.27.tgz",
      "integrity": "sha1-0lx9e75NU9+/3KBJ+e1LCmlUvrw=",
      "requires": {
        "bluebird": "3.3.1",
        "eventemitter3": "1.1.1"
      }
    },
    "zeppelin-solidity": {
      "version": "1.3.0",
      "resolved": "https://registry.npmjs.org/zeppelin-solidity/-/zeppelin-solidity-1.3.0.tgz",
      "integrity": "sha512-q+WyqvQjE5gpKgXrhD8LBh0Njg7GI/zs4lKX14y0j7ISJIxe68hihSjaMU05V0M0qAbxgRC43AFTt7CxNsO8nQ=="
    }
  }
}
